
Microsoft Visual Studio Solution File, Format Version 12.00
# Visual Studio 2013
VisualStudioVersion = 12.0.31101.0
MinimumVisualStudioVersion = 10.0.40219.1
Project("{FAE04EC0-301F-11D3-BF4B-00C04F79EFBC}") = "BoundActionSampleService", "BoundActionSampleService\BoundActionSampleService.csproj", "{B92F03B7-DCB2-45B4-BA7E-B7B5DA77E324}"
EndProject
Project("{FAE04EC0-301F-11D3-BF4B-00C04F79EFBC}") = "BoundActionSampleClient", "BoundActionSampleClient\BoundActionSampleClient.csproj", "{2844624A-96E5-48DB-8AE9-574B56E3D83A}"
EndProject
Global
	GlobalSection(SolutionConfigurationPlatforms) = preSolution
		Debug|Any CPU = Debug|Any CPU
		Release|Any CPU = Release|Any CPU
	EndGlobalSection
	GlobalSection(ProjectConfigurationPlatforms) = postSolution
		{B92F03B7-DCB2-45B4-BA7E-B7B5DA77E324}.Debug|Any CPU.ActiveCfg = Debug|Any CPU
		{B92F03B7-DCB2-45B4-BA7E-B7B5DA77E324}.Debug|Any CPU.Build.0 = Debug|Any CPU
		{B92F03B7-DCB2-45B4-BA7E-B7B5DA77E324}.Release|Any CPU.ActiveCfg = Release|Any CPU
		{B92F03B7-DCB2-45B4-BA7E-B7B5DA77E324}.Release|Any CPU.Build.0 = Release|Any CPU
		{2844624A-96E5-48DB-8AE9-574B56E3D83A}.Debug|Any CPU.ActiveCfg = Debug|Any CPU
		{2844624A-96E5-48DB-8AE9-574B56E3D83A}.Debug|Any CPU.Build.0 = Debug|Any CPU
		{2844624A-96E5-48DB-8AE9-574B56E3D83A}.Release|Any CPU.ActiveCfg = Release|Any CPU
		{2844624A-96E5-48DB-8AE9-574B56E3D83A}.Release|Any CPU.Build.0 = Release|Any CPU
	EndGlobalSection
	GlobalSection(SolutionProperties) = preSolution
		HideSolutionNode = FALSE
	EndGlobalSection
EndGlobal
