
Microsoft Visual Studio Solution File, Format Version 12.00
# Visual Studio Version 16
VisualStudioVersion = 16.0.30804.86
MinimumVisualStudioVersion = 10.0.40219.1
Project("{9A19103F-16F7-4668-BE54-9A1E7A4F7556}") = "Lab01Sample01", "Lab01Sample01\Lab01Sample01.csproj", "{28F7D06B-1AF7-4160-8757-983DD86C7398}"
EndProject
Project("{9A19103F-16F7-4668-BE54-9A1E7A4F7556}") = "Lab01Sample02", "Lab01Sample02\Lab01Sample02.csproj", "{5745D10E-9251-4F8E-AD82-AE09E84A2B90}"
EndProject
Project("{9A19103F-16F7-4668-BE54-9A1E7A4F7556}") = "Lab02Sample03", "Lab02Sample03\Lab02Sample03.csproj", "{CE856A92-613C-49DD-B742-29F661D51A92}"
EndProject
Global
	GlobalSection(SolutionConfigurationPlatforms) = preSolution
		Debug|Any CPU = Debug|Any CPU
		Release|Any CPU = Release|Any CPU
	EndGlobalSection
	GlobalSection(ProjectConfigurationPlatforms) = postSolution
		{28F7D06B-1AF7-4160-8757-983DD86C7398}.Debug|Any CPU.ActiveCfg = Debug|Any CPU
		{28F7D06B-1AF7-4160-8757-983DD86C7398}.Debug|Any CPU.Build.0 = Debug|Any CPU
		{28F7D06B-1AF7-4160-8757-983DD86C7398}.Release|Any CPU.ActiveCfg = Release|Any CPU
		{28F7D06B-1AF7-4160-8757-983DD86C7398}.Release|Any CPU.Build.0 = Release|Any CPU
		{5745D10E-9251-4F8E-AD82-AE09E84A2B90}.Debug|Any CPU.ActiveCfg = Debug|Any CPU
		{5745D10E-9251-4F8E-AD82-AE09E84A2B90}.Debug|Any CPU.Build.0 = Debug|Any CPU
		{5745D10E-9251-4F8E-AD82-AE09E84A2B90}.Release|Any CPU.ActiveCfg = Release|Any CPU
		{5745D10E-9251-4F8E-AD82-AE09E84A2B90}.Release|Any CPU.Build.0 = Release|Any CPU
		{CE856A92-613C-49DD-B742-29F661D51A92}.Debug|Any CPU.ActiveCfg = Debug|Any CPU
		{CE856A92-613C-49DD-B742-29F661D51A92}.Debug|Any CPU.Build.0 = Debug|Any CPU
		{CE856A92-613C-49DD-B742-29F661D51A92}.Release|Any CPU.ActiveCfg = Release|Any CPU
		{CE856A92-613C-49DD-B742-29F661D51A92}.Release|Any CPU.Build.0 = Release|Any CPU
	EndGlobalSection
	GlobalSection(SolutionProperties) = preSolution
		HideSolutionNode = FALSE
	EndGlobalSection
	GlobalSection(ExtensibilityGlobals) = postSolution
		SolutionGuid = {9310CA77-0A29-4D09-A49C-0CD6A6D82308}
	EndGlobalSection
EndGlobal
