
Microsoft Visual Studio Solution File, Format Version 12.00
# Visual Studio 15
VisualStudioVersion = 15.0.27703.2026
MinimumVisualStudioVersion = 10.0.40219.1
Project("{2150E333-8FDC-42A3-9474-1A3956D46DE8}") = "AspNetClassic", "AspNetClassic", "{EBB70A0E-4404-4EE7-B8CB-DA0B5571E1E1}"
EndProject
Project("{2150E333-8FDC-42A3-9474-1A3956D46DE8}") = "AspNetCore", "AspNetCore", "{4F0CABC0-C843-4B46-91C3-78496FD2E4D7}"
EndProject
Project("{FAE04EC0-301F-11D3-BF4B-00C04F79EFBC}") = "ODataOpenTypeSample", "AspNetClassic\ODataOpenTypeSample.csproj", "{70C723D7-F852-4162-837A-77B524EF0B86}"
EndProject
Project("{2150E333-8FDC-42A3-9474-1A3956D46DE8}") = "Shared", "Shared", "{DCB07C3F-7692-41FF-88AA-CE5D25420F6C}"
EndProject
Project("{D954291E-2A0B-460D-934E-DC6B0785DB48}") = "Shared", "Shared\Shared.shproj", "{B12CDBFD-9038-4BE7-AF06-9C12B97EB32A}"
EndProject
Project("{9A19103F-16F7-4668-BE54-9A1E7A4F7556}") = "ODataOpenTypeSample", "AspNetCore\ODataOpenTypeSample.csproj", "{8BB62D66-A8D5-4C81-B662-A088B763FC80}"
EndProject
Global
	GlobalSection(SharedMSBuildProjectFiles) = preSolution
		Shared\Shared.projitems*{70c723d7-f852-4162-837a-77b524ef0b86}*SharedItemsImports = 4
		Shared\Shared.projitems*{b12cdbfd-9038-4be7-af06-9c12b97eb32a}*SharedItemsImports = 13
	EndGlobalSection
	GlobalSection(SolutionConfigurationPlatforms) = preSolution
		Debug|Any CPU = Debug|Any CPU
		Release|Any CPU = Release|Any CPU
	EndGlobalSection
	GlobalSection(ProjectConfigurationPlatforms) = postSolution
		{70C723D7-F852-4162-837A-77B524EF0B86}.Debug|Any CPU.ActiveCfg = Debug|Any CPU
		{70C723D7-F852-4162-837A-77B524EF0B86}.Debug|Any CPU.Build.0 = Debug|Any CPU
		{70C723D7-F852-4162-837A-77B524EF0B86}.Release|Any CPU.ActiveCfg = Release|Any CPU
		{70C723D7-F852-4162-837A-77B524EF0B86}.Release|Any CPU.Build.0 = Release|Any CPU
		{8BB62D66-A8D5-4C81-B662-A088B763FC80}.Debug|Any CPU.ActiveCfg = Debug|Any CPU
		{8BB62D66-A8D5-4C81-B662-A088B763FC80}.Debug|Any CPU.Build.0 = Debug|Any CPU
		{8BB62D66-A8D5-4C81-B662-A088B763FC80}.Release|Any CPU.ActiveCfg = Release|Any CPU
		{8BB62D66-A8D5-4C81-B662-A088B763FC80}.Release|Any CPU.Build.0 = Release|Any CPU
	EndGlobalSection
	GlobalSection(SolutionProperties) = preSolution
		HideSolutionNode = FALSE
	EndGlobalSection
	GlobalSection(NestedProjects) = preSolution
		{70C723D7-F852-4162-837A-77B524EF0B86} = {EBB70A0E-4404-4EE7-B8CB-DA0B5571E1E1}
		{B12CDBFD-9038-4BE7-AF06-9C12B97EB32A} = {DCB07C3F-7692-41FF-88AA-CE5D25420F6C}
		{8BB62D66-A8D5-4C81-B662-A088B763FC80} = {4F0CABC0-C843-4B46-91C3-78496FD2E4D7}
	EndGlobalSection
	GlobalSection(ExtensibilityGlobals) = postSolution
		SolutionGuid = {D78CEF3B-DEBE-4381-8ECF-C29BCE75DE00}
	EndGlobalSection
EndGlobal
