
Microsoft Visual Studio Solution File, Format Version 12.00
# Visual Studio Version 16
VisualStudioVersion = 16.0.30413.136
MinimumVisualStudioVersion = 10.0.40219.1
Project("{2150E333-8FDC-42A3-9474-1A3956D46DE8}") = "Solution Items", "Solution Items", "{11686154-F280-486D-B413-45202C4553E7}"
	ProjectSection(SolutionItems) = preProject
		ReadMe.md = ReadMe.md
	EndProjectSection
EndProject
Project("{FAE04EC0-301F-11D3-BF4B-00C04F79EFBC}") = "ODataCapabilitiesVocabularySample", "ODataCapabilitiesVocabularySample\ODataCapabilitiesVocabularySample.csproj", "{C5D25DC3-FEAB-41F4-A089-F161AABDCC6B}"
EndProject
Global
	GlobalSection(SolutionConfigurationPlatforms) = preSolution
		Debug|Any CPU = Debug|Any CPU
		Release|Any CPU = Release|Any CPU
	EndGlobalSection
	GlobalSection(ProjectConfigurationPlatforms) = postSolution
		{C5D25DC3-FEAB-41F4-A089-F161AABDCC6B}.Debug|Any CPU.ActiveCfg = Debug|Any CPU
		{C5D25DC3-FEAB-41F4-A089-F161AABDCC6B}.Debug|Any CPU.Build.0 = Debug|Any CPU
		{C5D25DC3-FEAB-41F4-A089-F161AABDCC6B}.Release|Any CPU.ActiveCfg = Release|Any CPU
		{C5D25DC3-FEAB-41F4-A089-F161AABDCC6B}.Release|Any CPU.Build.0 = Release|Any CPU
	EndGlobalSection
	GlobalSection(SolutionProperties) = preSolution
		HideSolutionNode = FALSE
	EndGlobalSection
	GlobalSection(ExtensibilityGlobals) = postSolution
		SolutionGuid = {C3F5689C-C9AE-43E4-8B5C-DEF502D4FC79}
	EndGlobalSection
EndGlobal
