
Microsoft Visual Studio Solution File, Format Version 12.00
# Visual Studio 15
VisualStudioVersion = 15.0.27703.2042
MinimumVisualStudioVersion = 10.0.40219.1
Project("{FAE04EC0-301F-11D3-BF4B-00C04F79EFBC}") = "ODataCapabilitiesVocabularySample", "ODataCapabilitiesVocabularySample\ODataCapabilitiesVocabularySample.csproj", "{75E19AEE-B143-4B54-A7AE-EDA80E303296}"
EndProject
Global
	GlobalSection(SolutionConfigurationPlatforms) = preSolution
		Debug|Any CPU = Debug|Any CPU
		Release|Any CPU = Release|Any CPU
	EndGlobalSection
	GlobalSection(ProjectConfigurationPlatforms) = postSolution
		{75E19AEE-B143-4B54-A7AE-EDA80E303296}.Debug|Any CPU.ActiveCfg = Debug|Any CPU
		{75E19AEE-B143-4B54-A7AE-EDA80E303296}.Debug|Any CPU.Build.0 = Debug|Any CPU
		{75E19AEE-B143-4B54-A7AE-EDA80E303296}.Release|Any CPU.ActiveCfg = Release|Any CPU
		{75E19AEE-B143-4B54-A7AE-EDA80E303296}.Release|Any CPU.Build.0 = Release|Any CPU
	EndGlobalSection
	GlobalSection(SolutionProperties) = preSolution
		HideSolutionNode = FALSE
	EndGlobalSection
	GlobalSection(ExtensibilityGlobals) = postSolution
		SolutionGuid = {47FDC5F5-9FA0-482B-ACC8-4C62E27EE04E}
	EndGlobalSection
EndGlobal
