
Microsoft Visual Studio Solution File, Format Version 12.00
# Visual Studio 2013
VisualStudioVersion = 12.0.31101.0
MinimumVisualStudioVersion = 10.0.40219.1
Project("{FAE04EC0-301F-11D3-BF4B-00C04F79EFBC}") = "SampleService2", "SampleService2\SampleService2.csproj", "{DCAC80C8-E53B-468A-92B6-1AEE6850DE80}"
EndProject
Project("{FAE04EC0-301F-11D3-BF4B-00C04F79EFBC}") = "SampleService1", "SampleService1\SampleService1.csproj", "{C185410A-31AC-4093-972E-CB77F7D59D0A}"
EndProject
Global
	GlobalSection(SolutionConfigurationPlatforms) = preSolution
		Debug|Any CPU = Debug|Any CPU
		Release|Any CPU = Release|Any CPU
	EndGlobalSection
	GlobalSection(ProjectConfigurationPlatforms) = postSolution
		{DCAC80C8-E53B-468A-92B6-1AEE6850DE80}.Debug|Any CPU.ActiveCfg = Debug|Any CPU
		{DCAC80C8-E53B-468A-92B6-1AEE6850DE80}.Debug|Any CPU.Build.0 = Debug|Any CPU
		{DCAC80C8-E53B-468A-92B6-1AEE6850DE80}.Release|Any CPU.ActiveCfg = Release|Any CPU
		{DCAC80C8-E53B-468A-92B6-1AEE6850DE80}.Release|Any CPU.Build.0 = Release|Any CPU
		{C185410A-31AC-4093-972E-CB77F7D59D0A}.Debug|Any CPU.ActiveCfg = Debug|Any CPU
		{C185410A-31AC-4093-972E-CB77F7D59D0A}.Debug|Any CPU.Build.0 = Debug|Any CPU
		{C185410A-31AC-4093-972E-CB77F7D59D0A}.Release|Any CPU.ActiveCfg = Release|Any CPU
		{C185410A-31AC-4093-972E-CB77F7D59D0A}.Release|Any CPU.Build.0 = Release|Any CPU
	EndGlobalSection
	GlobalSection(SolutionProperties) = preSolution
		HideSolutionNode = FALSE
	EndGlobalSection
EndGlobal
