
Microsoft Visual Studio Solution File, Format Version 12.00
# Visual Studio 15
VisualStudioVersion = 15.0.27703.2042
MinimumVisualStudioVersion = 10.0.40219.1
Project("{FAE04EC0-301F-11D3-BF4B-00C04F79EFBC}") = "ODataEtagSample", "ODataEtagSample\ODataEtagSample.csproj", "{2087F70C-0771-4BC2-B99D-84956259D3AA}"
EndProject
Project("{FAE04EC0-301F-11D3-BF4B-00C04F79EFBC}") = "ODataEtagSample.Client", "ODataEtagSample.Client\ODataEtagSample.Client.csproj", "{E6C7A707-7190-447B-9D2E-789D29DD19C0}"
EndProject
Global
	GlobalSection(SolutionConfigurationPlatforms) = preSolution
		Debug|Any CPU = Debug|Any CPU
		Release|Any CPU = Release|Any CPU
	EndGlobalSection
	GlobalSection(ProjectConfigurationPlatforms) = postSolution
		{2087F70C-0771-4BC2-B99D-84956259D3AA}.Debug|Any CPU.ActiveCfg = Debug|Any CPU
		{2087F70C-0771-4BC2-B99D-84956259D3AA}.Debug|Any CPU.Build.0 = Debug|Any CPU
		{2087F70C-0771-4BC2-B99D-84956259D3AA}.Release|Any CPU.ActiveCfg = Release|Any CPU
		{2087F70C-0771-4BC2-B99D-84956259D3AA}.Release|Any CPU.Build.0 = Release|Any CPU
		{E6C7A707-7190-447B-9D2E-789D29DD19C0}.Debug|Any CPU.ActiveCfg = Debug|Any CPU
		{E6C7A707-7190-447B-9D2E-789D29DD19C0}.Debug|Any CPU.Build.0 = Debug|Any CPU
		{E6C7A707-7190-447B-9D2E-789D29DD19C0}.Release|Any CPU.ActiveCfg = Release|Any CPU
		{E6C7A707-7190-447B-9D2E-789D29DD19C0}.Release|Any CPU.Build.0 = Release|Any CPU
	EndGlobalSection
	GlobalSection(SolutionProperties) = preSolution
		HideSolutionNode = FALSE
	EndGlobalSection
	GlobalSection(ExtensibilityGlobals) = postSolution
		SolutionGuid = {5700CAEE-4D85-49BF-8B25-728371C6D597}
	EndGlobalSection
EndGlobal
