
Microsoft Visual Studio Solution File, Format Version 12.00
# Visual Studio 15
VisualStudioVersion = 15.0.27703.2026
MinimumVisualStudioVersion = 10.0.40219.1
Project("{FAE04EC0-301F-11D3-BF4B-00C04F79EFBC}") = "ODataUntypedSample", "ODataUntypedSample\ODataUntypedSample.csproj", "{5C2B08D2-3C98-4DB2-BD8B-CAEE9DA7405D}"
EndProject
Global
	GlobalSection(SolutionConfigurationPlatforms) = preSolution
		Debug|Any CPU = Debug|Any CPU
		Release|Any CPU = Release|Any CPU
	EndGlobalSection
	GlobalSection(ProjectConfigurationPlatforms) = postSolution
		{5C2B08D2-3C98-4DB2-BD8B-CAEE9DA7405D}.Debug|Any CPU.ActiveCfg = Debug|Any CPU
		{5C2B08D2-3C98-4DB2-BD8B-CAEE9DA7405D}.Debug|Any CPU.Build.0 = Debug|Any CPU
		{5C2B08D2-3C98-4DB2-BD8B-CAEE9DA7405D}.Release|Any CPU.ActiveCfg = Release|Any CPU
		{5C2B08D2-3C98-4DB2-BD8B-CAEE9DA7405D}.Release|Any CPU.Build.0 = Release|Any CPU
	EndGlobalSection
	GlobalSection(SolutionProperties) = preSolution
		HideSolutionNode = FALSE
	EndGlobalSection
	GlobalSection(ExtensibilityGlobals) = postSolution
		SolutionGuid = {6DD0FB5B-D446-432A-8060-FCF2768A8308}
	EndGlobalSection
EndGlobal
