
Microsoft Visual Studio Solution File, Format Version 12.00
# Visual Studio Version 16
VisualStudioVersion = 16.0.30804.86
MinimumVisualStudioVersion = 10.0.40219.1
Project("{9A19103F-16F7-4668-BE54-9A1E7A4F7556}") = "AspNetCoreODataSpatial", "AspNetCoreODataSpatial\AspNetCoreODataSpatial.csproj", "{B78C2BD1-41EA-434B-B48F-479EC2CECDF5}"
EndProject
Global
	GlobalSection(SolutionConfigurationPlatforms) = preSolution
		Debug|Any CPU = Debug|Any CPU
		Release|Any CPU = Release|Any CPU
	EndGlobalSection
	GlobalSection(ProjectConfigurationPlatforms) = postSolution
		{B78C2BD1-41EA-434B-B48F-479EC2CECDF5}.Debug|Any CPU.ActiveCfg = Debug|Any CPU
		{B78C2BD1-41EA-434B-B48F-479EC2CECDF5}.Debug|Any CPU.Build.0 = Debug|Any CPU
		{B78C2BD1-41EA-434B-B48F-479EC2CECDF5}.Release|Any CPU.ActiveCfg = Release|Any CPU
		{B78C2BD1-41EA-434B-B48F-479EC2CECDF5}.Release|Any CPU.Build.0 = Release|Any CPU
	EndGlobalSection
	GlobalSection(SolutionProperties) = preSolution
		HideSolutionNode = FALSE
	EndGlobalSection
	GlobalSection(ExtensibilityGlobals) = postSolution
		SolutionGuid = {78412A66-7410-4982-B350-063259A4EED3}
	EndGlobalSection
EndGlobal
