
Microsoft Visual Studio Solution File, Format Version 12.00
# Visual Studio 15
VisualStudioVersion = 15.0.27703.2026
MinimumVisualStudioVersion = 10.0.40219.1
Project("{FAE04EC0-301F-11D3-BF4B-00C04F79EFBC}") = "ODataBatchSample.AspNet", "ODataBatchSample.AspNet\ODataBatchSample.AspNet.csproj", "{407AE80D-44C2-4116-9B93-07BE8166C236}"
EndProject
Project("{FAE04EC0-301F-11D3-BF4B-00C04F79EFBC}") = "ODataBatchSample.AspNet.Client", "ODataBatchSample.AspNet.Client\ODataBatchSample.AspNet.Client.csproj", "{C362E338-DD57-4824-90CB-237948F8D03A}"
EndProject
Project("{FAE04EC0-301F-11D3-BF4B-00C04F79EFBC}") = "ODataJsonBatchSample.AspNet.Client", "ODataJsonBatchSample.AspNet.Client\ODataJsonBatchSample.AspNet.Client.csproj", "{1F11195C-160A-4BAC-943D-B53213E86EB6}"
EndProject
Global
	GlobalSection(SolutionConfigurationPlatforms) = preSolution
		Debug|Any CPU = Debug|Any CPU
		Release|Any CPU = Release|Any CPU
	EndGlobalSection
	GlobalSection(ProjectConfigurationPlatforms) = postSolution
		{407AE80D-44C2-4116-9B93-07BE8166C236}.Debug|Any CPU.ActiveCfg = Debug|Any CPU
		{407AE80D-44C2-4116-9B93-07BE8166C236}.Debug|Any CPU.Build.0 = Debug|Any CPU
		{407AE80D-44C2-4116-9B93-07BE8166C236}.Release|Any CPU.ActiveCfg = Release|Any CPU
		{407AE80D-44C2-4116-9B93-07BE8166C236}.Release|Any CPU.Build.0 = Release|Any CPU
		{C362E338-DD57-4824-90CB-237948F8D03A}.Debug|Any CPU.ActiveCfg = Debug|Any CPU
		{C362E338-DD57-4824-90CB-237948F8D03A}.Debug|Any CPU.Build.0 = Debug|Any CPU
		{C362E338-DD57-4824-90CB-237948F8D03A}.Release|Any CPU.ActiveCfg = Release|Any CPU
		{C362E338-DD57-4824-90CB-237948F8D03A}.Release|Any CPU.Build.0 = Release|Any CPU
		{1F11195C-160A-4BAC-943D-B53213E86EB6}.Debug|Any CPU.ActiveCfg = Debug|Any CPU
		{1F11195C-160A-4BAC-943D-B53213E86EB6}.Debug|Any CPU.Build.0 = Debug|Any CPU
		{1F11195C-160A-4BAC-943D-B53213E86EB6}.Release|Any CPU.ActiveCfg = Release|Any CPU
		{1F11195C-160A-4BAC-943D-B53213E86EB6}.Release|Any CPU.Build.0 = Release|Any CPU
	EndGlobalSection
	GlobalSection(SolutionProperties) = preSolution
		HideSolutionNode = FALSE
	EndGlobalSection
	GlobalSection(ExtensibilityGlobals) = postSolution
		SolutionGuid = {B4D08DFB-C56A-482D-9B30-6B504EFC2B29}
	EndGlobalSection
EndGlobal
