
Microsoft Visual Studio Solution File, Format Version 12.00
# Visual Studio 2013
VisualStudioVersion = 12.0.30723.0
MinimumVisualStudioVersion = 10.0.40219.1
Project("{FAE04EC0-301F-11D3-BF4B-00C04F79EFBC}") = "ParserExt", "ParserExt\ParserExt.csproj", "{F36AC4D9-1594-46AA-BB07-8E683679C9C0}"
EndProject
Project("{FAE04EC0-301F-11D3-BF4B-00C04F79EFBC}") = "ODataSamples.Common", "..\Common\ODataSamples.Common.csproj", "{1DD9083A-08BC-4010-AE42-9A776E354FBD}"
EndProject
Project("{FAE04EC0-301F-11D3-BF4B-00C04F79EFBC}") = "ParseBasic", "ParseBasic\ParseBasic.csproj", "{B735678C-7F6D-4C0B-B48F-19DC8780C6C3}"
EndProject
Global
	GlobalSection(SolutionConfigurationPlatforms) = preSolution
		Debug|Any CPU = Debug|Any CPU
		Release|Any CPU = Release|Any CPU
	EndGlobalSection
	GlobalSection(ProjectConfigurationPlatforms) = postSolution
		{F36AC4D9-1594-46AA-BB07-8E683679C9C0}.Debug|Any CPU.ActiveCfg = Debug|Any CPU
		{F36AC4D9-1594-46AA-BB07-8E683679C9C0}.Debug|Any CPU.Build.0 = Debug|Any CPU
		{F36AC4D9-1594-46AA-BB07-8E683679C9C0}.Release|Any CPU.ActiveCfg = Release|Any CPU
		{F36AC4D9-1594-46AA-BB07-8E683679C9C0}.Release|Any CPU.Build.0 = Release|Any CPU
		{1DD9083A-08BC-4010-AE42-9A776E354FBD}.Debug|Any CPU.ActiveCfg = Debug|Any CPU
		{1DD9083A-08BC-4010-AE42-9A776E354FBD}.Debug|Any CPU.Build.0 = Debug|Any CPU
		{1DD9083A-08BC-4010-AE42-9A776E354FBD}.Release|Any CPU.ActiveCfg = Release|Any CPU
		{1DD9083A-08BC-4010-AE42-9A776E354FBD}.Release|Any CPU.Build.0 = Release|Any CPU
		{B735678C-7F6D-4C0B-B48F-19DC8780C6C3}.Debug|Any CPU.ActiveCfg = Debug|Any CPU
		{B735678C-7F6D-4C0B-B48F-19DC8780C6C3}.Debug|Any CPU.Build.0 = Debug|Any CPU
		{B735678C-7F6D-4C0B-B48F-19DC8780C6C3}.Release|Any CPU.ActiveCfg = Release|Any CPU
		{B735678C-7F6D-4C0B-B48F-19DC8780C6C3}.Release|Any CPU.Build.0 = Release|Any CPU
	EndGlobalSection
	GlobalSection(SolutionProperties) = preSolution
		HideSolutionNode = FALSE
	EndGlobalSection
EndGlobal
