
Microsoft Visual Studio Solution File, Format Version 12.00
# Visual Studio Version 16
VisualStudioVersion = 16.0.34931.43
MinimumVisualStudioVersion = 10.0.40219.1
Project("{FAE04EC0-301F-11D3-BF4B-00C04F79EFBC}") = "DataServiceProviderV3", "DataServiceProviderV3\DataServiceProviderV3.csproj", "{74551D39-518F-404F-99D1-B399DAB7655F}"
EndProject
Project("{FAE04EC0-301F-11D3-BF4B-00C04F79EFBC}") = "ODataWebV3", "ODataWebV3\ODataWebV3.csproj", "{93DF5990-8558-11E1-B0C4-0800200C9A66}"
EndProject
Project("{FAE04EC0-301F-11D3-BF4B-00C04F79EFBC}") = "DataServiceProvider", "DataServiceProvider\DataServiceProvider.csproj", "{6B6D1F18-EABE-4219-B86A-D18FB61C9DE0}"
EndProject
Project("{FAE04EC0-301F-11D3-BF4B-00C04F79EFBC}") = "ODataWeb", "ODataWeb\ODataWeb.csproj", "{AA363D4F-BA30-41DD-BF64-57F42C1BA17D}"
EndProject
Project("{FAE04EC0-301F-11D3-BF4B-00C04F79EFBC}") = "ODataWebTests", "ODataWebTests\ODataWebTests.csproj", "{0A5680F4-C893-469E-A7E2-792F9E233971}"
EndProject
Project("{FAE04EC0-301F-11D3-BF4B-00C04F79EFBC}") = "DataServiceProviderV4", "DataServiceProviderV4\DataServiceProviderV4.csproj", "{8D434FC6-6908-451C-8FBD-CEEADD5397AE}"
EndProject
Project("{FAE04EC0-301F-11D3-BF4B-00C04F79EFBC}") = "ODataWebV4", "ODataWebV4\ODataWebV4.csproj", "{031E1033-8DA6-42D3-A9D9-87291781080E}"
EndProject
Project("{FAE04EC0-301F-11D3-BF4B-00C04F79EFBC}") = "Microsoft.OData.Service", "Microsoft.OData.Service\Microsoft.OData.Service.csproj", "{EED3355C-18AE-4CCA-95BC-14C997E26C95}"
EndProject
Project("{FAE04EC0-301F-11D3-BF4B-00C04F79EFBC}") = "Microsoft.OData.Service.Ef6", "Microsoft.OData.Service.Ef6\Microsoft.OData.Service.Ef6.csproj", "{FC58BE21-1E2F-4FDE-92EC-26780655394D}"
EndProject
Project("{2150E333-8FDC-42A3-9474-1A3956D46DE8}") = "src", "src", "{E5D565B7-6C60-4D9A-AAF0-C30CB063CC1C}"
EndProject
Project("{2150E333-8FDC-42A3-9474-1A3956D46DE8}") = "test", "test", "{A3788FF0-9E91-4D44-AB55-DF3060FCEF92}"
EndProject
Project("{FAE04EC0-301F-11D3-BF4B-00C04F79EFBC}") = "Microsoft.Samples.SqlServer.AdventureWorksService", "Microsoft.Samples.SqlServer.AdventureWorksService\Microsoft.Samples.SqlServer.AdventureWorksService.csproj", "{26B079D1-DBD7-4AF7-824C-B1D66538356D}"
EndProject
Project("{FAE04EC0-301F-11D3-BF4B-00C04F79EFBC}") = "ODataWebV3Tests", "ODataWebV3Tests\ODataWebV3Tests.csproj", "{C5D2E6BF-56D9-4271-A8A3-32D6A0E26F74}"
EndProject
Global
	GlobalSection(SolutionConfigurationPlatforms) = preSolution
		Cover|Any CPU = Cover|Any CPU
		Debug|Any CPU = Debug|Any CPU
		Release|Any CPU = Release|Any CPU
	EndGlobalSection
	GlobalSection(ProjectConfigurationPlatforms) = postSolution
		{74551D39-518F-404F-99D1-B399DAB7655F}.Cover|Any CPU.ActiveCfg = Release|Any CPU
		{74551D39-518F-404F-99D1-B399DAB7655F}.Cover|Any CPU.Build.0 = Release|Any CPU
		{74551D39-518F-404F-99D1-B399DAB7655F}.Debug|Any CPU.ActiveCfg = Debug|Any CPU
		{74551D39-518F-404F-99D1-B399DAB7655F}.Debug|Any CPU.Build.0 = Debug|Any CPU
		{74551D39-518F-404F-99D1-B399DAB7655F}.Release|Any CPU.ActiveCfg = Debug|Any CPU
		{74551D39-518F-404F-99D1-B399DAB7655F}.Release|Any CPU.Build.0 = Debug|Any CPU
		{93DF5990-8558-11E1-B0C4-0800200C9A66}.Cover|Any CPU.ActiveCfg = Release|Any CPU
		{93DF5990-8558-11E1-B0C4-0800200C9A66}.Cover|Any CPU.Build.0 = Release|Any CPU
		{93DF5990-8558-11E1-B0C4-0800200C9A66}.Debug|Any CPU.ActiveCfg = Debug|Any CPU
		{93DF5990-8558-11E1-B0C4-0800200C9A66}.Debug|Any CPU.Build.0 = Debug|Any CPU
		{93DF5990-8558-11E1-B0C4-0800200C9A66}.Release|Any CPU.ActiveCfg = Release|Any CPU
		{93DF5990-8558-11E1-B0C4-0800200C9A66}.Release|Any CPU.Build.0 = Release|Any CPU
		{6B6D1F18-EABE-4219-B86A-D18FB61C9DE0}.Cover|Any CPU.ActiveCfg = Release|Any CPU
		{6B6D1F18-EABE-4219-B86A-D18FB61C9DE0}.Cover|Any CPU.Build.0 = Release|Any CPU
		{6B6D1F18-EABE-4219-B86A-D18FB61C9DE0}.Debug|Any CPU.ActiveCfg = Debug|Any CPU
		{6B6D1F18-EABE-4219-B86A-D18FB61C9DE0}.Debug|Any CPU.Build.0 = Debug|Any CPU
		{6B6D1F18-EABE-4219-B86A-D18FB61C9DE0}.Release|Any CPU.ActiveCfg = Release|Any CPU
		{6B6D1F18-EABE-4219-B86A-D18FB61C9DE0}.Release|Any CPU.Build.0 = Release|Any CPU
		{AA363D4F-BA30-41DD-BF64-57F42C1BA17D}.Cover|Any CPU.ActiveCfg = Release|Any CPU
		{AA363D4F-BA30-41DD-BF64-57F42C1BA17D}.Cover|Any CPU.Build.0 = Release|Any CPU
		{AA363D4F-BA30-41DD-BF64-57F42C1BA17D}.Debug|Any CPU.ActiveCfg = Debug|Any CPU
		{AA363D4F-BA30-41DD-BF64-57F42C1BA17D}.Debug|Any CPU.Build.0 = Debug|Any CPU
		{AA363D4F-BA30-41DD-BF64-57F42C1BA17D}.Release|Any CPU.ActiveCfg = Release|Any CPU
		{AA363D4F-BA30-41DD-BF64-57F42C1BA17D}.Release|Any CPU.Build.0 = Release|Any CPU
		{0A5680F4-C893-469E-A7E2-792F9E233971}.Cover|Any CPU.ActiveCfg = Release|Any CPU
		{0A5680F4-C893-469E-A7E2-792F9E233971}.Cover|Any CPU.Build.0 = Release|Any CPU
		{0A5680F4-C893-469E-A7E2-792F9E233971}.Debug|Any CPU.ActiveCfg = Debug|Any CPU
		{0A5680F4-C893-469E-A7E2-792F9E233971}.Debug|Any CPU.Build.0 = Debug|Any CPU
		{0A5680F4-C893-469E-A7E2-792F9E233971}.Release|Any CPU.ActiveCfg = Debug|Any CPU
		{0A5680F4-C893-469E-A7E2-792F9E233971}.Release|Any CPU.Build.0 = Debug|Any CPU
		{8D434FC6-6908-451C-8FBD-CEEADD5397AE}.Cover|Any CPU.ActiveCfg = Release|Any CPU
		{8D434FC6-6908-451C-8FBD-CEEADD5397AE}.Cover|Any CPU.Build.0 = Release|Any CPU
		{8D434FC6-6908-451C-8FBD-CEEADD5397AE}.Debug|Any CPU.ActiveCfg = Debug|Any CPU
		{8D434FC6-6908-451C-8FBD-CEEADD5397AE}.Debug|Any CPU.Build.0 = Debug|Any CPU
		{8D434FC6-6908-451C-8FBD-CEEADD5397AE}.Release|Any CPU.ActiveCfg = Release|Any CPU
		{8D434FC6-6908-451C-8FBD-CEEADD5397AE}.Release|Any CPU.Build.0 = Release|Any CPU
		{031E1033-8DA6-42D3-A9D9-87291781080E}.Cover|Any CPU.ActiveCfg = Release|Any CPU
		{031E1033-8DA6-42D3-A9D9-87291781080E}.Cover|Any CPU.Build.0 = Release|Any CPU
		{031E1033-8DA6-42D3-A9D9-87291781080E}.Debug|Any CPU.ActiveCfg = Debug|Any CPU
		{031E1033-8DA6-42D3-A9D9-87291781080E}.Debug|Any CPU.Build.0 = Debug|Any CPU
		{031E1033-8DA6-42D3-A9D9-87291781080E}.Release|Any CPU.ActiveCfg = Release|Any CPU
		{031E1033-8DA6-42D3-A9D9-87291781080E}.Release|Any CPU.Build.0 = Release|Any CPU
		{EED3355C-18AE-4CCA-95BC-14C997E26C95}.Cover|Any CPU.ActiveCfg = Cover|Any CPU
		{EED3355C-18AE-4CCA-95BC-14C997E26C95}.Cover|Any CPU.Build.0 = Cover|Any CPU
		{EED3355C-18AE-4CCA-95BC-14C997E26C95}.Debug|Any CPU.ActiveCfg = Debug|Any CPU
		{EED3355C-18AE-4CCA-95BC-14C997E26C95}.Debug|Any CPU.Build.0 = Debug|Any CPU
		{EED3355C-18AE-4CCA-95BC-14C997E26C95}.Release|Any CPU.ActiveCfg = Release|Any CPU
		{EED3355C-18AE-4CCA-95BC-14C997E26C95}.Release|Any CPU.Build.0 = Release|Any CPU
		{FC58BE21-1E2F-4FDE-92EC-26780655394D}.Cover|Any CPU.ActiveCfg = Release|Any CPU
		{FC58BE21-1E2F-4FDE-92EC-26780655394D}.Cover|Any CPU.Build.0 = Release|Any CPU
		{FC58BE21-1E2F-4FDE-92EC-26780655394D}.Debug|Any CPU.ActiveCfg = Debug|Any CPU
		{FC58BE21-1E2F-4FDE-92EC-26780655394D}.Debug|Any CPU.Build.0 = Debug|Any CPU
		{FC58BE21-1E2F-4FDE-92EC-26780655394D}.Release|Any CPU.ActiveCfg = Release|Any CPU
		{FC58BE21-1E2F-4FDE-92EC-26780655394D}.Release|Any CPU.Build.0 = Release|Any CPU
		{26B079D1-DBD7-4AF7-824C-B1D66538356D}.Cover|Any CPU.ActiveCfg = Debug|Any CPU
		{26B079D1-DBD7-4AF7-824C-B1D66538356D}.Cover|Any CPU.Build.0 = Debug|Any CPU
		{26B079D1-DBD7-4AF7-824C-B1D66538356D}.Debug|Any CPU.ActiveCfg = Debug|Any CPU
		{26B079D1-DBD7-4AF7-824C-B1D66538356D}.Debug|Any CPU.Build.0 = Debug|Any CPU
		{26B079D1-DBD7-4AF7-824C-B1D66538356D}.Release|Any CPU.ActiveCfg = Release|Any CPU
		{26B079D1-DBD7-4AF7-824C-B1D66538356D}.Release|Any CPU.Build.0 = Release|Any CPU
		{C5D2E6BF-56D9-4271-A8A3-32D6A0E26F74}.Cover|Any CPU.ActiveCfg = Debug|Any CPU
		{C5D2E6BF-56D9-4271-A8A3-32D6A0E26F74}.Cover|Any CPU.Build.0 = Debug|Any CPU
		{C5D2E6BF-56D9-4271-A8A3-32D6A0E26F74}.Debug|Any CPU.ActiveCfg = Debug|Any CPU
		{C5D2E6BF-56D9-4271-A8A3-32D6A0E26F74}.Debug|Any CPU.Build.0 = Debug|Any CPU
		{C5D2E6BF-56D9-4271-A8A3-32D6A0E26F74}.Release|Any CPU.ActiveCfg = Release|Any CPU
		{C5D2E6BF-56D9-4271-A8A3-32D6A0E26F74}.Release|Any CPU.Build.0 = Release|Any CPU
	EndGlobalSection
	GlobalSection(SolutionProperties) = preSolution
		HideSolutionNode = FALSE
	EndGlobalSection
	GlobalSection(NestedProjects) = preSolution
		{74551D39-518F-404F-99D1-B399DAB7655F} = {E5D565B7-6C60-4D9A-AAF0-C30CB063CC1C}
		{93DF5990-8558-11E1-B0C4-0800200C9A66} = {E5D565B7-6C60-4D9A-AAF0-C30CB063CC1C}
		{6B6D1F18-EABE-4219-B86A-D18FB61C9DE0} = {E5D565B7-6C60-4D9A-AAF0-C30CB063CC1C}
		{AA363D4F-BA30-41DD-BF64-57F42C1BA17D} = {E5D565B7-6C60-4D9A-AAF0-C30CB063CC1C}
		{0A5680F4-C893-469E-A7E2-792F9E233971} = {A3788FF0-9E91-4D44-AB55-DF3060FCEF92}
		{8D434FC6-6908-451C-8FBD-CEEADD5397AE} = {E5D565B7-6C60-4D9A-AAF0-C30CB063CC1C}
		{031E1033-8DA6-42D3-A9D9-87291781080E} = {E5D565B7-6C60-4D9A-AAF0-C30CB063CC1C}
		{EED3355C-18AE-4CCA-95BC-14C997E26C95} = {E5D565B7-6C60-4D9A-AAF0-C30CB063CC1C}
		{FC58BE21-1E2F-4FDE-92EC-26780655394D} = {E5D565B7-6C60-4D9A-AAF0-C30CB063CC1C}
		{26B079D1-DBD7-4AF7-824C-B1D66538356D} = {E5D565B7-6C60-4D9A-AAF0-C30CB063CC1C}
		{C5D2E6BF-56D9-4271-A8A3-32D6A0E26F74} = {A3788FF0-9E91-4D44-AB55-DF3060FCEF92}
	EndGlobalSection
	GlobalSection(ExtensibilityGlobals) = postSolution
		SolutionGuid = {8DA42030-A5A8-48C7-B1D5-DD986508DB54}
	EndGlobalSection
EndGlobal
