
Microsoft Visual Studio Solution File, Format Version 12.00
# Visual Studio 15
VisualStudioVersion = 15.0.27703.2026
MinimumVisualStudioVersion = 10.0.40219.1
Project("{9A19103F-16F7-4668-BE54-9A1E7A4F7556}") = "ODataUntypedSample.AspNetCore", "ODataUntypedSample\ODataUntypedSample.AspNetCore.csproj", "{BC57F2BD-D038-4D61-A95C-18BF3001A3A7}"
EndProject
Project("{FAE04EC0-301F-11D3-BF4B-00C04F79EFBC}") = "ODataUntypedSample", "ODataUntypedSample.Client\ODataUntypedSample.csproj", "{7121B474-BF90-4C93-A8A0-D323FB4E3C14}"
EndProject
Global
	GlobalSection(SolutionConfigurationPlatforms) = preSolution
		Debug|Any CPU = Debug|Any CPU
		Release|Any CPU = Release|Any CPU
	EndGlobalSection
	GlobalSection(ProjectConfigurationPlatforms) = postSolution
		{BC57F2BD-D038-4D61-A95C-18BF3001A3A7}.Debug|Any CPU.ActiveCfg = Debug|Any CPU
		{BC57F2BD-D038-4D61-A95C-18BF3001A3A7}.Debug|Any CPU.Build.0 = Debug|Any CPU
		{BC57F2BD-D038-4D61-A95C-18BF3001A3A7}.Release|Any CPU.ActiveCfg = Release|Any CPU
		{BC57F2BD-D038-4D61-A95C-18BF3001A3A7}.Release|Any CPU.Build.0 = Release|Any CPU
		{7121B474-BF90-4C93-A8A0-D323FB4E3C14}.Debug|Any CPU.ActiveCfg = Debug|Any CPU
		{7121B474-BF90-4C93-A8A0-D323FB4E3C14}.Debug|Any CPU.Build.0 = Debug|Any CPU
		{7121B474-BF90-4C93-A8A0-D323FB4E3C14}.Release|Any CPU.ActiveCfg = Release|Any CPU
		{7121B474-BF90-4C93-A8A0-D323FB4E3C14}.Release|Any CPU.Build.0 = Release|Any CPU
	EndGlobalSection
	GlobalSection(SolutionProperties) = preSolution
		HideSolutionNode = FALSE
	EndGlobalSection
	GlobalSection(ExtensibilityGlobals) = postSolution
		SolutionGuid = {69802112-A2C1-4BF7-A96C-8CFE6DE2BC58}
	EndGlobalSection
EndGlobal
