
Microsoft Visual Studio Solution File, Format Version 12.00
# Visual Studio 15
VisualStudioVersion = 15.0.27703.2026
MinimumVisualStudioVersion = 10.0.40219.1
Project("{9A19103F-16F7-4668-BE54-9A1E7A4F7556}") = "ODataBatchSample.AspNetCore", "ODataBatchSample\ODataBatchSample.AspNetCore.csproj", "{BB08B165-C48B-4881-9ACC-A2003E96B525}"
EndProject
Project("{FAE04EC0-301F-11D3-BF4B-00C04F79EFBC}") = "ODataBatchSample.Client", "ODataBatchSample.Client\ODataBatchSample.Client.csproj", "{265775BD-8576-4EF6-8417-BB29A0078AEB}"
EndProject
Project("{FAE04EC0-301F-11D3-BF4B-00C04F79EFBC}") = "ODataJsonBatchSample.AspNetCore.Client", "ODataJsonBatchSample.Client\ODataJsonBatchSample.AspNetCore.Client.csproj", "{F14A29E4-C543-47AC-A6B9-D0D0AFBB3A47}"
EndProject
Global
	GlobalSection(SolutionConfigurationPlatforms) = preSolution
		Debug|Any CPU = Debug|Any CPU
		Release|Any CPU = Release|Any CPU
	EndGlobalSection
	GlobalSection(ProjectConfigurationPlatforms) = postSolution
		{BB08B165-C48B-4881-9ACC-A2003E96B525}.Debug|Any CPU.ActiveCfg = Debug|Any CPU
		{BB08B165-C48B-4881-9ACC-A2003E96B525}.Debug|Any CPU.Build.0 = Debug|Any CPU
		{BB08B165-C48B-4881-9ACC-A2003E96B525}.Release|Any CPU.ActiveCfg = Release|Any CPU
		{BB08B165-C48B-4881-9ACC-A2003E96B525}.Release|Any CPU.Build.0 = Release|Any CPU
		{265775BD-8576-4EF6-8417-BB29A0078AEB}.Debug|Any CPU.ActiveCfg = Debug|Any CPU
		{265775BD-8576-4EF6-8417-BB29A0078AEB}.Debug|Any CPU.Build.0 = Debug|Any CPU
		{265775BD-8576-4EF6-8417-BB29A0078AEB}.Release|Any CPU.ActiveCfg = Release|Any CPU
		{265775BD-8576-4EF6-8417-BB29A0078AEB}.Release|Any CPU.Build.0 = Release|Any CPU
		{F14A29E4-C543-47AC-A6B9-D0D0AFBB3A47}.Debug|Any CPU.ActiveCfg = Debug|Any CPU
		{F14A29E4-C543-47AC-A6B9-D0D0AFBB3A47}.Debug|Any CPU.Build.0 = Debug|Any CPU
		{F14A29E4-C543-47AC-A6B9-D0D0AFBB3A47}.Release|Any CPU.ActiveCfg = Release|Any CPU
		{F14A29E4-C543-47AC-A6B9-D0D0AFBB3A47}.Release|Any CPU.Build.0 = Release|Any CPU
	EndGlobalSection
	GlobalSection(SolutionProperties) = preSolution
		HideSolutionNode = FALSE
	EndGlobalSection
	GlobalSection(ExtensibilityGlobals) = postSolution
		SolutionGuid = {D7CE806E-1441-4A72-A20B-CBE3A4F72AB3}
	EndGlobalSection
EndGlobal
