
Microsoft Visual Studio Solution File, Format Version 12.00
# Visual Studio 2013
VisualStudioVersion = 12.0.30723.0
MinimumVisualStudioVersion = 10.0.40219.1
Project("{FAE04EC0-301F-11D3-BF4B-00C04F79EFBC}") = "ODataSamples.CustomFormatService", "ODataSamples.CustomFormatService\ODataSamples.CustomFormatService.csproj", "{6A9D702E-AAEF-4B1B-A86A-96F3B3ECC439}"
EndProject
Project("{FAE04EC0-301F-11D3-BF4B-00C04F79EFBC}") = "ODataSamples.CustomFormatServiceDemo", "ODataSamples.CustomFormatServiceDemo\ODataSamples.CustomFormatServiceDemo.csproj", "{10460486-389B-4F08-B2FE-36FFBC5A3A32}"
EndProject
Global
	GlobalSection(SolutionConfigurationPlatforms) = preSolution
		Debug|Any CPU = Debug|Any CPU
		Release|Any CPU = Release|Any CPU
	EndGlobalSection
	GlobalSection(ProjectConfigurationPlatforms) = postSolution
		{6A9D702E-AAEF-4B1B-A86A-96F3B3ECC439}.Debug|Any CPU.ActiveCfg = Debug|Any CPU
		{6A9D702E-AAEF-4B1B-A86A-96F3B3ECC439}.Debug|Any CPU.Build.0 = Debug|Any CPU
		{6A9D702E-AAEF-4B1B-A86A-96F3B3ECC439}.Release|Any CPU.ActiveCfg = Release|Any CPU
		{6A9D702E-AAEF-4B1B-A86A-96F3B3ECC439}.Release|Any CPU.Build.0 = Release|Any CPU
		{10460486-389B-4F08-B2FE-36FFBC5A3A32}.Debug|Any CPU.ActiveCfg = Debug|Any CPU
		{10460486-389B-4F08-B2FE-36FFBC5A3A32}.Debug|Any CPU.Build.0 = Debug|Any CPU
		{10460486-389B-4F08-B2FE-36FFBC5A3A32}.Release|Any CPU.ActiveCfg = Release|Any CPU
		{10460486-389B-4F08-B2FE-36FFBC5A3A32}.Release|Any CPU.Build.0 = Release|Any CPU
	EndGlobalSection
	GlobalSection(SolutionProperties) = preSolution
		HideSolutionNode = FALSE
	EndGlobalSection
EndGlobal
