
Microsoft Visual Studio Solution File, Format Version 12.00
# Visual Studio 15
VisualStudioVersion = 15.0.27703.2026
MinimumVisualStudioVersion = 10.0.40219.1
Project("{9A19103F-16F7-4668-BE54-9A1E7A4F7556}") = "ODataSpatialSample", "ODataSpatialSample\ODataSpatialSample.csproj", "{6E47E658-8303-471F-A295-11BF10B3FD1A}"
EndProject
Global
	GlobalSection(SolutionConfigurationPlatforms) = preSolution
		Debug|Any CPU = Debug|Any CPU
		Release|Any CPU = Release|Any CPU
	EndGlobalSection
	GlobalSection(ProjectConfigurationPlatforms) = postSolution
		{6E47E658-8303-471F-A295-11BF10B3FD1A}.Debug|Any CPU.ActiveCfg = Debug|Any CPU
		{6E47E658-8303-471F-A295-11BF10B3FD1A}.Debug|Any CPU.Build.0 = Debug|Any CPU
		{6E47E658-8303-471F-A295-11BF10B3FD1A}.Release|Any CPU.ActiveCfg = Release|Any CPU
		{6E47E658-8303-471F-A295-11BF10B3FD1A}.Release|Any CPU.Build.0 = Release|Any CPU
	EndGlobalSection
	GlobalSection(SolutionProperties) = preSolution
		HideSolutionNode = FALSE
	EndGlobalSection
	GlobalSection(ExtensibilityGlobals) = postSolution
		SolutionGuid = {8C17078E-7F95-4A09-8253-5909A7A8F2C8}
	EndGlobalSection
EndGlobal
