
Microsoft Visual Studio Solution File, Format Version 12.00
# Visual Studio 15
VisualStudioVersion = 15.0.27703.2026
MinimumVisualStudioVersion = 10.0.40219.1
Project("{2150E333-8FDC-42A3-9474-1A3956D46DE8}") = "AspNetClassic", "AspNetClassic", "{39DFD055-5CFD-4A1E-B66A-6979AB717FEE}"
EndProject
Project("{FAE04EC0-301F-11D3-BF4B-00C04F79EFBC}") = "CustomODataFormatter", "AspNetClassic\CustomODataFormatter.csproj", "{7102DD67-A44E-4405-8E13-9FAFDDA1D160}"
EndProject
Project("{2150E333-8FDC-42A3-9474-1A3956D46DE8}") = "AspNetCore", "AspNetCore", "{F80C2308-163B-4C57-BF22-153AA8FE2720}"
EndProject
Project("{9A19103F-16F7-4668-BE54-9A1E7A4F7556}") = "CustomODataFormatter", "AspNetCore\CustomODataFormatter.csproj", "{5988AA7C-ECF9-4D71-A481-8D9C288FC777}"
EndProject
Global
	GlobalSection(SolutionConfigurationPlatforms) = preSolution
		Debug|Any CPU = Debug|Any CPU
		Release|Any CPU = Release|Any CPU
	EndGlobalSection
	GlobalSection(ProjectConfigurationPlatforms) = postSolution
		{7102DD67-A44E-4405-8E13-9FAFDDA1D160}.Debug|Any CPU.ActiveCfg = Debug|Any CPU
		{7102DD67-A44E-4405-8E13-9FAFDDA1D160}.Debug|Any CPU.Build.0 = Debug|Any CPU
		{7102DD67-A44E-4405-8E13-9FAFDDA1D160}.Release|Any CPU.ActiveCfg = Release|Any CPU
		{7102DD67-A44E-4405-8E13-9FAFDDA1D160}.Release|Any CPU.Build.0 = Release|Any CPU
		{5988AA7C-ECF9-4D71-A481-8D9C288FC777}.Debug|Any CPU.ActiveCfg = Debug|Any CPU
		{5988AA7C-ECF9-4D71-A481-8D9C288FC777}.Debug|Any CPU.Build.0 = Debug|Any CPU
		{5988AA7C-ECF9-4D71-A481-8D9C288FC777}.Release|Any CPU.ActiveCfg = Release|Any CPU
		{5988AA7C-ECF9-4D71-A481-8D9C288FC777}.Release|Any CPU.Build.0 = Release|Any CPU
	EndGlobalSection
	GlobalSection(SolutionProperties) = preSolution
		HideSolutionNode = FALSE
	EndGlobalSection
	GlobalSection(NestedProjects) = preSolution
		{7102DD67-A44E-4405-8E13-9FAFDDA1D160} = {39DFD055-5CFD-4A1E-B66A-6979AB717FEE}
		{5988AA7C-ECF9-4D71-A481-8D9C288FC777} = {F80C2308-163B-4C57-BF22-153AA8FE2720}
	EndGlobalSection
	GlobalSection(ExtensibilityGlobals) = postSolution
		SolutionGuid = {414DE386-629F-4F48-8994-B9B7F75C60D9}
	EndGlobalSection
EndGlobal
