
Microsoft Visual Studio Solution File, Format Version 12.00
# Visual Studio 15
VisualStudioVersion = 15.0.27703.2026
MinimumVisualStudioVersion = 10.0.40219.1
Project("{9A19103F-16F7-4668-BE54-9A1E7A4F7556}") = "ODataOpenTypeSample", "ODataOpenTypeSample\ODataOpenTypeSample.csproj", "{EDBA0008-B54B-465F-854D-5F48A06FE560}"
EndProject
Global
	GlobalSection(SolutionConfigurationPlatforms) = preSolution
		Debug|Any CPU = Debug|Any CPU
		Release|Any CPU = Release|Any CPU
	EndGlobalSection
	GlobalSection(ProjectConfigurationPlatforms) = postSolution
		{EDBA0008-B54B-465F-854D-5F48A06FE560}.Debug|Any CPU.ActiveCfg = Debug|Any CPU
		{EDBA0008-B54B-465F-854D-5F48A06FE560}.Debug|Any CPU.Build.0 = Debug|Any CPU
		{EDBA0008-B54B-465F-854D-5F48A06FE560}.Release|Any CPU.ActiveCfg = Release|Any CPU
		{EDBA0008-B54B-465F-854D-5F48A06FE560}.Release|Any CPU.Build.0 = Release|Any CPU
	EndGlobalSection
	GlobalSection(SolutionProperties) = preSolution
		HideSolutionNode = FALSE
	EndGlobalSection
	GlobalSection(ExtensibilityGlobals) = postSolution
		SolutionGuid = {D78CEF3B-DEBE-4381-8ECF-C29BCE75DE00}
	EndGlobalSection
EndGlobal
