
Microsoft Visual Studio Solution File, Format Version 12.00
# Visual Studio 14
VisualStudioVersion = 14.0.25420.1
MinimumVisualStudioVersion = 10.0.40219.1
Project("{FAE04EC0-301F-11D3-BF4B-00C04F79EFBC}") = "Microsoft.Restier.Providers.InMemory", "Microsoft.Restier.Providers.InMemory\Microsoft.Restier.Providers.InMemory.csproj", "{1CA9B17F-D3F8-4FC3-A992-5135DCCAB9DE}"
EndProject
Project("{FAE04EC0-301F-11D3-BF4B-00C04F79EFBC}") = "Microsoft.OData.Service.Sample.TrippinInMemory", "Microsoft.OData.Service.Sample.TrippinInMemory\Microsoft.OData.Service.Sample.TrippinInMemory.csproj", "{B263C1E5-0184-4A1D-B438-8233559FD76B}"
EndProject
Global
	GlobalSection(SolutionConfigurationPlatforms) = preSolution
		Debug|Any CPU = Debug|Any CPU
		Release|Any CPU = Release|Any CPU
	EndGlobalSection
	GlobalSection(ProjectConfigurationPlatforms) = postSolution
		{1CA9B17F-D3F8-4FC3-A992-5135DCCAB9DE}.Debug|Any CPU.ActiveCfg = Debug|Any CPU
		{1CA9B17F-D3F8-4FC3-A992-5135DCCAB9DE}.Debug|Any CPU.Build.0 = Debug|Any CPU
		{1CA9B17F-D3F8-4FC3-A992-5135DCCAB9DE}.Release|Any CPU.ActiveCfg = Release|Any CPU
		{1CA9B17F-D3F8-4FC3-A992-5135DCCAB9DE}.Release|Any CPU.Build.0 = Release|Any CPU
		{B263C1E5-0184-4A1D-B438-8233559FD76B}.Debug|Any CPU.ActiveCfg = Debug|Any CPU
		{B263C1E5-0184-4A1D-B438-8233559FD76B}.Debug|Any CPU.Build.0 = Debug|Any CPU
		{B263C1E5-0184-4A1D-B438-8233559FD76B}.Release|Any CPU.ActiveCfg = Release|Any CPU
		{B263C1E5-0184-4A1D-B438-8233559FD76B}.Release|Any CPU.Build.0 = Release|Any CPU
	EndGlobalSection
	GlobalSection(SolutionProperties) = preSolution
		HideSolutionNode = FALSE
	EndGlobalSection
EndGlobal
