
Microsoft Visual Studio Solution File, Format Version 12.00
# Visual Studio 15
VisualStudioVersion = 15.0.27703.2042
MinimumVisualStudioVersion = 10.0.40219.1
Project("{FAE04EC0-301F-11D3-BF4B-00C04F79EFBC}") = "ODataReferentialConstraintSample", "ODataReferentialConstraintSample\ODataReferentialConstraintSample.csproj", "{F9538CA4-BB25-4237-AE48-E06EBAE3DE07}"
EndProject
Global
	GlobalSection(SolutionConfigurationPlatforms) = preSolution
		Debug|Any CPU = Debug|Any CPU
		Release|Any CPU = Release|Any CPU
	EndGlobalSection
	GlobalSection(ProjectConfigurationPlatforms) = postSolution
		{F9538CA4-BB25-4237-AE48-E06EBAE3DE07}.Debug|Any CPU.ActiveCfg = Debug|Any CPU
		{F9538CA4-BB25-4237-AE48-E06EBAE3DE07}.Debug|Any CPU.Build.0 = Debug|Any CPU
		{F9538CA4-BB25-4237-AE48-E06EBAE3DE07}.Release|Any CPU.ActiveCfg = Release|Any CPU
		{F9538CA4-BB25-4237-AE48-E06EBAE3DE07}.Release|Any CPU.Build.0 = Release|Any CPU
	EndGlobalSection
	GlobalSection(SolutionProperties) = preSolution
		HideSolutionNode = FALSE
	EndGlobalSection
	GlobalSection(ExtensibilityGlobals) = postSolution
		SolutionGuid = {6D32A202-BEED-47D7-B614-AE2D424D9A41}
	EndGlobalSection
EndGlobal
