
Microsoft Visual Studio Solution File, Format Version 12.00
# Visual Studio 15
VisualStudioVersion = 15.0.27703.2026
MinimumVisualStudioVersion = 10.0.40219.1
Project("{9A19103F-16F7-4668-BE54-9A1E7A4F7556}") = "ODataEnumTypeSample", "ODataEnumTypeSample\ODataEnumTypeSample.csproj", "{CF59A7E4-F14B-4EC9-BC41-E94412D83CC9}"
EndProject
Global
	GlobalSection(SolutionConfigurationPlatforms) = preSolution
		Debug|Any CPU = Debug|Any CPU
		Release|Any CPU = Release|Any CPU
	EndGlobalSection
	GlobalSection(ProjectConfigurationPlatforms) = postSolution
		{CF59A7E4-F14B-4EC9-BC41-E94412D83CC9}.Debug|Any CPU.ActiveCfg = Debug|Any CPU
		{CF59A7E4-F14B-4EC9-BC41-E94412D83CC9}.Debug|Any CPU.Build.0 = Debug|Any CPU
		{CF59A7E4-F14B-4EC9-BC41-E94412D83CC9}.Release|Any CPU.ActiveCfg = Release|Any CPU
		{CF59A7E4-F14B-4EC9-BC41-E94412D83CC9}.Release|Any CPU.Build.0 = Release|Any CPU
	EndGlobalSection
	GlobalSection(SolutionProperties) = preSolution
		HideSolutionNode = FALSE
	EndGlobalSection
	GlobalSection(ExtensibilityGlobals) = postSolution
		SolutionGuid = {7EB546A5-E224-498C-B838-609680EDDBD3}
	EndGlobalSection
EndGlobal
