
Microsoft Visual Studio Solution File, Format Version 12.00
# Visual Studio 15
VisualStudioVersion = 15.0.27703.2026
MinimumVisualStudioVersion = 10.0.40219.1
Project("{FAE04EC0-301F-11D3-BF4B-00C04F79EFBC}") = "ODataCompositeKeySample.AspNet", "ODataCompositeKeySample.AspNet\ODataCompositeKeySample.AspNet.csproj", "{25E736E6-4E85-4103-9233-93C956D81149}"
EndProject
Project("{FAE04EC0-301F-11D3-BF4B-00C04F79EFBC}") = "ODataCompositeKeySample.AspNet.Tests", "ODataCompositeKeySample.AspNet.Tests\ODataCompositeKeySample.AspNet.Tests.csproj", "{6EE70915-895F-4BA2-AA42-841151599BC8}"
EndProject
Global
	GlobalSection(SolutionConfigurationPlatforms) = preSolution
		Debug|Any CPU = Debug|Any CPU
		Release|Any CPU = Release|Any CPU
	EndGlobalSection
	GlobalSection(ProjectConfigurationPlatforms) = postSolution
		{25E736E6-4E85-4103-9233-93C956D81149}.Debug|Any CPU.ActiveCfg = Debug|Any CPU
		{25E736E6-4E85-4103-9233-93C956D81149}.Debug|Any CPU.Build.0 = Debug|Any CPU
		{25E736E6-4E85-4103-9233-93C956D81149}.Release|Any CPU.ActiveCfg = Release|Any CPU
		{25E736E6-4E85-4103-9233-93C956D81149}.Release|Any CPU.Build.0 = Release|Any CPU
		{6EE70915-895F-4BA2-AA42-841151599BC8}.Debug|Any CPU.ActiveCfg = Debug|Any CPU
		{6EE70915-895F-4BA2-AA42-841151599BC8}.Debug|Any CPU.Build.0 = Debug|Any CPU
		{6EE70915-895F-4BA2-AA42-841151599BC8}.Release|Any CPU.ActiveCfg = Release|Any CPU
		{6EE70915-895F-4BA2-AA42-841151599BC8}.Release|Any CPU.Build.0 = Release|Any CPU
		{22472AF4-6C9E-4501-8543-BC643362FC67}.Debug|Any CPU.ActiveCfg = Debug|Any CPU
		{22472AF4-6C9E-4501-8543-BC643362FC67}.Debug|Any CPU.Build.0 = Debug|Any CPU
		{22472AF4-6C9E-4501-8543-BC643362FC67}.Release|Any CPU.ActiveCfg = Release|Any CPU
		{22472AF4-6C9E-4501-8543-BC643362FC67}.Release|Any CPU.Build.0 = Release|Any CPU
		{47E643A8-7362-408E-88D8-6F0A8538BE59}.Debug|Any CPU.ActiveCfg = Debug|Any CPU
		{47E643A8-7362-408E-88D8-6F0A8538BE59}.Debug|Any CPU.Build.0 = Debug|Any CPU
		{47E643A8-7362-408E-88D8-6F0A8538BE59}.Release|Any CPU.ActiveCfg = Release|Any CPU
		{47E643A8-7362-408E-88D8-6F0A8538BE59}.Release|Any CPU.Build.0 = Release|Any CPU
	EndGlobalSection
	GlobalSection(SolutionProperties) = preSolution
		HideSolutionNode = FALSE
	EndGlobalSection
	GlobalSection(ExtensibilityGlobals) = postSolution
		SolutionGuid = {FAE87243-B0A8-4211-BE05-35A29B145967}
	EndGlobalSection
EndGlobal
