
Microsoft Visual Studio Solution File, Format Version 12.00
# Visual Studio 15
VisualStudioVersion = 15.0.27703.2026
MinimumVisualStudioVersion = 10.0.40219.1
Project("{FAE04EC0-301F-11D3-BF4B-00C04F79EFBC}") = "ODataModelAliasingSample", "ODataModelAliasingSample\ODataModelAliasingSample.csproj", "{506C2A80-E9C7-4D82-9A88-4A2B5A863333}"
EndProject
Global
	GlobalSection(SolutionConfigurationPlatforms) = preSolution
		Debug|Any CPU = Debug|Any CPU
		Release|Any CPU = Release|Any CPU
	EndGlobalSection
	GlobalSection(ProjectConfigurationPlatforms) = postSolution
		{506C2A80-E9C7-4D82-9A88-4A2B5A863333}.Debug|Any CPU.ActiveCfg = Debug|Any CPU
		{506C2A80-E9C7-4D82-9A88-4A2B5A863333}.Debug|Any CPU.Build.0 = Debug|Any CPU
		{506C2A80-E9C7-4D82-9A88-4A2B5A863333}.Release|Any CPU.ActiveCfg = Release|Any CPU
		{506C2A80-E9C7-4D82-9A88-4A2B5A863333}.Release|Any CPU.Build.0 = Release|Any CPU
	EndGlobalSection
	GlobalSection(SolutionProperties) = preSolution
		HideSolutionNode = FALSE
	EndGlobalSection
	GlobalSection(ExtensibilityGlobals) = postSolution
		SolutionGuid = {801B311D-E599-486F-A716-35D86BE2BD00}
	EndGlobalSection
EndGlobal
