
Microsoft Visual Studio Solution File, Format Version 12.00
# Visual Studio 15
VisualStudioVersion = 15.0.27703.2042
MinimumVisualStudioVersion = 10.0.40219.1
Project("{FAE04EC0-301F-11D3-BF4B-00C04F79EFBC}") = "ODataSingletonSample", "ODataSingletonSample\ODataSingletonSample.csproj", "{E3D3248E-6421-4B05-B80D-E8C56CB4E22A}"
EndProject
Project("{FAE04EC0-301F-11D3-BF4B-00C04F79EFBC}") = "ODataSingletonSample.Core.Client", "ODataSingletonSample.Client\ODataSingletonSample.Core.Client.csproj", "{B6EB5DEA-E807-4150-BEF7-E95D10E66799}"
EndProject
Project("{FAE04EC0-301F-11D3-BF4B-00C04F79EFBC}") = "ODataSingletonSample.Fx.Client", "ODataSingletonSample.Fx.Client\ODataSingletonSample.Fx.Client.csproj", "{724FC790-7DCE-44F7-98A2-7C5703AC6C8E}"
EndProject
Global
	GlobalSection(SolutionConfigurationPlatforms) = preSolution
		Debug|Any CPU = Debug|Any CPU
		Release|Any CPU = Release|Any CPU
	EndGlobalSection
	GlobalSection(ProjectConfigurationPlatforms) = postSolution
		{E3D3248E-6421-4B05-B80D-E8C56CB4E22A}.Debug|Any CPU.ActiveCfg = Debug|Any CPU
		{E3D3248E-6421-4B05-B80D-E8C56CB4E22A}.Debug|Any CPU.Build.0 = Debug|Any CPU
		{E3D3248E-6421-4B05-B80D-E8C56CB4E22A}.Release|Any CPU.ActiveCfg = Release|Any CPU
		{E3D3248E-6421-4B05-B80D-E8C56CB4E22A}.Release|Any CPU.Build.0 = Release|Any CPU
		{B6EB5DEA-E807-4150-BEF7-E95D10E66799}.Debug|Any CPU.ActiveCfg = Debug|Any CPU
		{B6EB5DEA-E807-4150-BEF7-E95D10E66799}.Debug|Any CPU.Build.0 = Debug|Any CPU
		{B6EB5DEA-E807-4150-BEF7-E95D10E66799}.Release|Any CPU.ActiveCfg = Release|Any CPU
		{B6EB5DEA-E807-4150-BEF7-E95D10E66799}.Release|Any CPU.Build.0 = Release|Any CPU
		{724FC790-7DCE-44F7-98A2-7C5703AC6C8E}.Debug|Any CPU.ActiveCfg = Debug|Any CPU
		{724FC790-7DCE-44F7-98A2-7C5703AC6C8E}.Debug|Any CPU.Build.0 = Debug|Any CPU
		{724FC790-7DCE-44F7-98A2-7C5703AC6C8E}.Release|Any CPU.ActiveCfg = Release|Any CPU
		{724FC790-7DCE-44F7-98A2-7C5703AC6C8E}.Release|Any CPU.Build.0 = Release|Any CPU
	EndGlobalSection
	GlobalSection(SolutionProperties) = preSolution
		HideSolutionNode = FALSE
	EndGlobalSection
	GlobalSection(ExtensibilityGlobals) = postSolution
		SolutionGuid = {1561E825-9C73-4273-BB87-0CB9F4943824}
	EndGlobalSection
EndGlobal
