
Microsoft Visual Studio Solution File, Format Version 12.00
# Visual Studio 15
VisualStudioVersion = 15.0.27703.2026
MinimumVisualStudioVersion = 10.0.40219.1
Project("{9A19103F-16F7-4668-BE54-9A1E7A4F7556}") = "CustomODataFormatter", "CustomODataFormatter\CustomODataFormatter.csproj", "{9A97A9C5-93BA-4A8D-BEA6-F52D16C68BA2}"
EndProject
Global
	GlobalSection(SolutionConfigurationPlatforms) = preSolution
		Debug|Any CPU = Debug|Any CPU
		Release|Any CPU = Release|Any CPU
	EndGlobalSection
	GlobalSection(ProjectConfigurationPlatforms) = postSolution
		{9A97A9C5-93BA-4A8D-BEA6-F52D16C68BA2}.Debug|Any CPU.ActiveCfg = Debug|Any CPU
		{9A97A9C5-93BA-4A8D-BEA6-F52D16C68BA2}.Debug|Any CPU.Build.0 = Debug|Any CPU
		{9A97A9C5-93BA-4A8D-BEA6-F52D16C68BA2}.Release|Any CPU.ActiveCfg = Release|Any CPU
		{9A97A9C5-93BA-4A8D-BEA6-F52D16C68BA2}.Release|Any CPU.Build.0 = Release|Any CPU
	EndGlobalSection
	GlobalSection(SolutionProperties) = preSolution
		HideSolutionNode = FALSE
	EndGlobalSection
	GlobalSection(ExtensibilityGlobals) = postSolution
		SolutionGuid = {414DE386-629F-4F48-8994-B9B7F75C60D9}
	EndGlobalSection
EndGlobal
